{
  "name": "generic-list-filter",
  "version": "0.0.5",
  "lockfileVersion": 1,
  "requires": true,
  "dependencies": {
    "@types/luxon": {
      "version": "1.11.1",
      "resolved": "https://registry.npmjs.org/@types/luxon/-/luxon-1.11.1.tgz",
      "integrity": "sha512-XBHQ7rzpOHyJudEQcMyoT67Np61FTb6S2jWqWQER/U7H2NAS+dpC8wv5T+6ygV5g/yJQdaojQbsJQiweool0Aw=="
    },
    "lodash": {
      "version": "4.17.21",
      "resolved": "https://registry.npmjs.org/lodash/-/lodash-4.17.21.tgz",
      "integrity": "sha512-v2kDEe57lecTulaDIuNTPy3Ry4gLGJ6Z1O3vE1krgXZNrsQ+LFTGHVxVjcXPs17LhbZVGedAJv8XZ1tvj5FvSg=="
    },
    "luxon": {
      "version": "1.24.0",
      "resolved": "https://registry.npmjs.org/luxon/-/luxon-1.24.0.tgz",
      "integrity": "sha512-PNeB5cFbBtmuS137OuEdaJnCMTMPS2vz9hnM1Zl6tUIuYdtUgEhMqfVZ7yxX0jHEGx6rp757ECe7cdZxDgq2Tg=="
    },
    "moment": {
      "version": "2.29.1",
      "resolved": "https://registry.npmjs.org/moment/-/moment-2.29.1.tgz",
      "integrity": "sha512-kHmoybcPV8Sqy59DwNDY3Jefr64lK/by/da0ViFcuA4DH0vQg5Q6Ze5VimxkfQNSC+Mls/Kx53s7TjP1RhFEDQ=="
    },
    "ngx-material-timepicker": {
      "version": "5.5.3",
      "resolved": "https://registry.npmjs.org/ngx-material-timepicker/-/ngx-material-timepicker-5.5.3.tgz",
      "integrity": "sha512-Ua6eNNNneHS8S1/3Tn2dUOnLdZ4k6MhQqvLM/eFVoeF0WF+q/uK1DAH8eAki3HW1ogq2oDWnVRSeXvvZGJldhQ==",
      "requires": {
        "@types/luxon": "1.11.1",
        "luxon": "1.24.0",
        "tslib": "^1.9.0"
      },
      "dependencies": {
        "tslib": {
          "version": "1.14.1",
          "resolved": "https://registry.npmjs.org/tslib/-/tslib-1.14.1.tgz",
          "integrity": "sha512-Xni35NKzjgMrwevysHTCArtLDpPvye8zV/0E4EyYn43P7/7qvQwPh9BGkHewbMulVntbigmcT7rdX3BNo9wRJg=="
        }
      }
    }
  }
}
